// !$*UTF8*$!
{
	archiveVersion = 1;
	classes = {
	};
	objectVersion = 56;
	objects = {

/* Begin PBXBuildFile section */
		3F3566312ED62F78000B5B25 /* DocumentReviewView.swift in Sources */ = {isa = PBXBuildFile; fileRef = 3F35662B2ED62F78000B5B25 /* DocumentReviewView.swift */; };
		3F3566322ED62F78000B5B25 /* DocumentUploadProgressView.swift in Sources */ = {isa = PBXBuildFile; fileRef = 3F35662C2ED62F78000B5B25 /* DocumentUploadProgressView.swift */; };
		3F3566332ED62F78000B5B25 /* DocumentCaptureView.swift in Sources */ = {isa = PBXBuildFile; fileRef = 3F35662D2ED62F78000B5B25 /* DocumentCaptureView.swift */; };
		3F3566342ED62F78000B5B25 /* DocumentService.swift in Sources */ = {isa = PBXBuildFile; fileRef = 3F35662F2ED62F78000B5B25 /* DocumentService.swift */; };
		3F3566352ED62F78000B5B26 /* Document.swift in Sources */ = {isa = PBXBuildFile; fileRef = 3F3566302ED62F78000B5B26 /* Document.swift */; };
		3F3566362ED62F78000B5B27 /* DocumentProcessor.swift in Sources */ = {isa = PBXBuildFile; fileRef = 3F3566312ED62F78000B5B27 /* DocumentProcessor.swift */; };
		3F3566392ED62F78000B5B30 /* DocumentTests.swift in Sources */ = {isa = PBXBuildFile; fileRef = 3F3566342ED62F78000B5B30 /* DocumentTests.swift */; };
		3F35663A2ED62F78000B5B31 /* DocumentServiceTests.swift in Sources */ = {isa = PBXBuildFile; fileRef = 3F3566352ED62F78000B5B31 /* DocumentServiceTests.swift */; };
		3F35663B2ED62F78000B5B32 /* DocumentProcessorTests.swift in Sources */ = {isa = PBXBuildFile; fileRef = 3F3566362ED62F78000B5B32 /* DocumentProcessorTests.swift */; };
		3FFB8D972ED628AB00BBAF5B /* OnboardingiOSAppApp.swift in Sources */ = {isa = PBXBuildFile; fileRef = 3FFB8D962ED628AB00BBAF5B /* OnboardingiOSAppApp.swift */; };
		3FFB8D992ED628AB00BBAF5B /* ContentView.swift in Sources */ = {isa = PBXBuildFile; fileRef = 3FFB8D982ED628AB00BBAF5B /* ContentView.swift */; };
		3FFB8D9B2ED628AC00BBAF5B /* Assets.xcassets in Resources */ = {isa = PBXBuildFile; fileRef = 3FFB8D9A2ED628AC00BBAF5B /* Assets.xcassets */; };
		3FFB8D9E2ED628AC00BBAF5B /* Preview Assets.xcassets in Resources */ = {isa = PBXBuildFile; fileRef = 3FFB8D9D2ED628AC00BBAF5B /* Preview Assets.xcassets */; };
		3FFB8DA82ED628AC00BBAF5B /* OnboardingiOSAppTests.swift in Sources */ = {isa = PBXBuildFile; fileRef = 3FFB8DA72ED628AC00BBAF5B /* OnboardingiOSAppTests.swift */; };
		3FFB8DB22ED628AC00BBAF5B /* OnboardingiOSAppUITests.swift in Sources */ = {isa = PBXBuildFile; fileRef = 3FFB8DB12ED628AC00BBAF5B /* OnboardingiOSAppUITests.swift */; };
		3FFB8DB42ED628AC00BBAF5B /* OnboardingiOSAppUITestsLaunchTests.swift in Sources */ = {isa = PBXBuildFile; fileRef = 3FFB8DB32ED628AC00BBAF5B /* OnboardingiOSAppUITestsLaunchTests.swift */; };
/* End PBXBuildFile section */

/* Begin PBXContainerItemProxy section */
		3FFB8DA42ED628AC00BBAF5B /* PBXContainerItemProxy */ = {
			isa = PBXContainerItemProxy;
			containerPortal = 3FFB8D8B2ED628AB00BBAF5B /* Project object */;
			proxyType = 1;
			remoteGlobalIDString = 3FFB8D922ED628AB00BBAF5B;
			remoteInfo = OnboardingiOSApp;
		};
		3FFB8DAE2ED628AC00BBAF5B /* PBXContainerItemProxy */ = {
			isa = PBXContainerItemProxy;
			containerPortal = 3FFB8D8B2ED628AB00BBAF5B /* Project object */;
			proxyType = 1;
			remoteGlobalIDString = 3FFB8D922ED628AB00BBAF5B;
			remoteInfo = OnboardingiOSApp;
		};
/* End PBXContainerItemProxy section */

/* Begin PBXFileReference section */
		3F35662B2ED62F78000B5B25 /* DocumentReviewView.swift */ = {isa = PBXFileReference; fileEncoding = 4; lastKnownFileType = sourcecode.swift; path = DocumentReviewView.swift; sourceTree = "<group>"; };
		3F35662C2ED62F78000B5B25 /* DocumentUploadProgressView.swift */ = {isa = PBXFileReference; fileEncoding = 4; lastKnownFileType = sourcecode.swift; path = DocumentUploadProgressView.swift; sourceTree = "<group>"; };
		3F35662D2ED62F78000B5B25 /* DocumentCaptureView.swift */ = {isa = PBXFileReference; fileEncoding = 4; lastKnownFileType = sourcecode.swift; path = DocumentCaptureView.swift; sourceTree = "<group>"; };
		3F35662F2ED62F78000B5B25 /* DocumentService.swift */ = {isa = PBXFileReference; fileEncoding = 4; lastKnownFileType = sourcecode.swift; path = DocumentService.swift; sourceTree = "<group>"; };
		3F3566302ED62F78000B5B26 /* Document.swift */ = {isa = PBXFileReference; fileEncoding = 4; lastKnownFileType = sourcecode.swift; path = Document.swift; sourceTree = "<group>"; };
		3F3566312ED62F78000B5B27 /* DocumentProcessor.swift */ = {isa = PBXFileReference; fileEncoding = 4; lastKnownFileType = sourcecode.swift; path = DocumentProcessor.swift; sourceTree = "<group>"; };
		3F3566332ED62F78000B5B29 /* Info.plist */ = {isa = PBXFileReference; fileEncoding = 4; lastKnownFileType = text.plist.xml; path = Info.plist; sourceTree = "<group>"; };
		3F3566342ED62F78000B5B30 /* DocumentTests.swift */ = {isa = PBXFileReference; fileEncoding = 4; lastKnownFileType = sourcecode.swift; path = DocumentTests.swift; sourceTree = "<group>"; };
		3F3566352ED62F78000B5B31 /* DocumentServiceTests.swift */ = {isa = PBXFileReference; fileEncoding = 4; lastKnownFileType = sourcecode.swift; path = DocumentServiceTests.swift; sourceTree = "<group>"; };
		3F3566362ED62F78000B5B32 /* DocumentProcessorTests.swift */ = {isa = PBXFileReference; fileEncoding = 4; lastKnownFileType = sourcecode.swift; path = DocumentProcessorTests.swift; sourceTree = "<group>"; };
		3FFB8D932ED628AB00BBAF5B /* OnboardingiOSApp.app */ = {isa = PBXFileReference; explicitFileType = wrapper.application; includeInIndex = 0; path = OnboardingiOSApp.app; sourceTree = BUILT_PRODUCTS_DIR; };
		3FFB8D962ED628AB00BBAF5B /* OnboardingiOSAppApp.swift */ = {isa = PBXFileReference; lastKnownFileType = sourcecode.swift; path = OnboardingiOSAppApp.swift; sourceTree = "<group>"; };
		3FFB8D982ED628AB00BBAF5B /* ContentView.swift */ = {isa = PBXFileReference; lastKnownFileType = sourcecode.swift; path = ContentView.swift; sourceTree = "<group>"; };
		3FFB8D9A2ED628AC00BBAF5B /* Assets.xcassets */ = {isa = PBXFileReference; lastKnownFileType = folder.assetcatalog; path = Assets.xcassets; sourceTree = "<group>"; };
		3FFB8D9D2ED628AC00BBAF5B /* Preview Assets.xcassets */ = {isa = PBXFileReference; lastKnownFileType = folder.assetcatalog; path = "Preview Assets.xcassets"; sourceTree = "<group>"; };
		3FFB8DA32ED628AC00BBAF5B /* OnboardingiOSAppTests.xctest */ = {isa = PBXFileReference; explicitFileType = wrapper.cfbundle; includeInIndex = 0; path = OnboardingiOSAppTests.xctest; sourceTree = BUILT_PRODUCTS_DIR; };
		3FFB8DA72ED628AC00BBAF5B /* OnboardingiOSAppTests.swift */ = {isa = PBXFileReference; lastKnownFileType = sourcecode.swift; path = OnboardingiOSAppTests.swift; sourceTree = "<group>"; };
		3FFB8DAD2ED628AC00BBAF5B /* OnboardingiOSAppUITests.xctest */ = {isa = PBXFileReference; explicitFileType = wrapper.cfbundle; includeInIndex = 0; path = OnboardingiOSAppUITests.xctest; sourceTree = BUILT_PRODUCTS_DIR; };
		3FFB8DB12ED628AC00BBAF5B /* OnboardingiOSAppUITests.swift */ = {isa = PBXFileReference; lastKnownFileType = sourcecode.swift; path = OnboardingiOSAppUITests.swift; sourceTree = "<group>"; };
		3FFB8DB32ED628AC00BBAF5B /* OnboardingiOSAppUITestsLaunchTests.swift */ = {isa = PBXFileReference; lastKnownFileType = sourcecode.swift; path = OnboardingiOSAppUITestsLaunchTests.swift; sourceTree = "<group>"; };
/* End PBXFileReference section */

/* Begin PBXFrameworksBuildPhase section */
		3FFB8D902ED628AB00BBAF5B /* Frameworks */ = {
			isa = PBXFrameworksBuildPhase;
			buildActionMask = 2147483647;
			files = (
			);
			runOnlyForDeploymentPostprocessing = 0;
		};
		3FFB8DA02ED628AC00BBAF5B /* Frameworks */ = {
			isa = PBXFrameworksBuildPhase;
			buildActionMask = 2147483647;
			files = (
			);
			runOnlyForDeploymentPostprocessing = 0;
		};
		3FFB8DAA2ED628AC00BBAF5B /* Frameworks */ = {
			isa = PBXFrameworksBuildPhase;
			buildActionMask = 2147483647;
			files = (
			);
			runOnlyForDeploymentPostprocessing = 0;
		};
/* End PBXFrameworksBuildPhase section */

/* Begin PBXGroup section */
		3F3566382ED62F78000B5B34 /* Features */ = {
			isa = PBXGroup;
			children = (
				3F3566392ED62F78000B5B35 /* DocumentUpload */,
			);
			path = Features;
			sourceTree = "<group>";
		};
		3F3566392ED62F78000B5B35 /* DocumentUpload */ = {
			isa = PBXGroup;
			children = (
				3F35663A2ED62F78000B5B36 /* Views */,
				3F35663B2ED62F78000B5B37 /* Models */,
				3F35663C2ED62F78000B5B38 /* Services */,
				3F35663D2ED62F78000B5B39 /* Utilities */,
			);
			path = DocumentUpload;
			sourceTree = "<group>";
		};
		3F35663A2ED62F78000B5B36 /* Views */ = {
			isa = PBXGroup;
			children = (
				3F35662B2ED62F78000B5B25 /* DocumentReviewView.swift */,
				3F35662C2ED62F78000B5B25 /* DocumentUploadProgressView.swift */,
				3F35662D2ED62F78000B5B25 /* DocumentCaptureView.swift */,
			);
			path = Views;
			sourceTree = "<group>";
		};
		3F35663B2ED62F78000B5B37 /* Models */ = {
			isa = PBXGroup;
			children = (
				3F3566302ED62F78000B5B26 /* Document.swift */,
			);
			path = Models;
			sourceTree = "<group>";
		};
		3F35663C2ED62F78000B5B38 /* Services */ = {
			isa = PBXGroup;
			children = (
				3F35662F2ED62F78000B5B25 /* DocumentService.swift */,
			);
			path = Services;
			sourceTree = "<group>";
		};
		3F35663D2ED62F78000B5B39 /* Utilities */ = {
			isa = PBXGroup;
			children = (
				3F3566312ED62F78000B5B27 /* DocumentProcessor.swift */,
			);
			path = Utilities;
			sourceTree = "<group>";
		};
		3FFB8D8A2ED628AB00BBAF5B = {
			isa = PBXGroup;
			children = (
				3FFB8D952ED628AB00BBAF5B /* OnboardingiOSApp */,
				3FFB8DA62ED628AC00BBAF5B /* OnboardingiOSAppTests */,
				3FFB8DB02ED628AC00BBAF5B /* OnboardingiOSAppUITests */,
				3FFB8D942ED628AB00BBAF5B /* Products */,
			);
			sourceTree = "<group>";
		};
		3FFB8D942ED628AB00BBAF5B /* Products */ = {
			isa = PBXGroup;
			children = (
				3FFB8D932ED628AB00BBAF5B /* OnboardingiOSApp.app */,
				3FFB8DA32ED628AC00BBAF5B /* OnboardingiOSAppTests.xctest */,
				3FFB8DAD2ED628AC00BBAF5B /* OnboardingiOSAppUITests.xctest */,
			);
			name = Products;
			sourceTree = "<group>";
		};
		3FFB8D952ED628AB00BBAF5B /* OnboardingiOSApp */ = {
			isa = PBXGroup;
			children = (
				3FFB8D962ED628AB00BBAF5B /* OnboardingiOSAppApp.swift */,
				3FFB8D982ED628AB00BBAF5B /* ContentView.swift */,
				3F3566382ED62F78000B5B34 /* Features */,
				3F3566332ED62F78000B5B29 /* Info.plist */,
				3FFB8D9A2ED628AC00BBAF5B /* Assets.xcassets */,
				3FFB8D9C2ED628AC00BBAF5B /* Preview Content */,
			);
			path = OnboardingiOSApp;
			sourceTree = "<group>";
		};
		3FFB8D9C2ED628AC00BBAF5B /* Preview Content */ = {
			isa = PBXGroup;
			children = (
				3FFB8D9D2ED628AC00BBAF5B /* Preview Assets.xcassets */,
			);
			path = "Preview Content";
			sourceTree = "<group>";
		};
		3F3566222ED62F78000B5B22 /* Models */ = {
			isa = PBXGroup;
			children = (
				3F3566342ED62F78000B5B30 /* DocumentTests.swift */,
			);
			path = Models;
			sourceTree = "<group>";
		};
		3F3566232ED62F78000B5B23 /* Services */ = {
			isa = PBXGroup;
			children = (
				3F3566352ED62F78000B5B31 /* DocumentServiceTests.swift */,
			);
			path = Services;
			sourceTree = "<group>";
		};
		3F3566252ED62F78000B5B24 /* Utilities */ = {
			isa = PBXGroup;
			children = (
				3F3566362ED62F78000B5B32 /* DocumentProcessorTests.swift */,
			);
			path = Utilities;
			sourceTree = "<group>";
		};
		3FFB8DA62ED628AC00BBAF5B /* OnboardingiOSAppTests */ = {
			isa = PBXGroup;
			children = (
				3FFB8DA72ED628AC00BBAF5B /* OnboardingiOSAppTests.swift */,
				3F3566222ED62F78000B5B22 /* Models */,
				3F3566232ED62F78000B5B23 /* Services */,
				3F3566252ED62F78000B5B24 /* Utilities */,
			);
			path = OnboardingiOSAppTests;
			sourceTree = "<group>";
		};
		3FFB8DB02ED628AC00BBAF5B /* OnboardingiOSAppUITests */ = {
			isa = PBXGroup;
			children = (
				3FFB8DB12ED628AC00BBAF5B /* OnboardingiOSAppUITests.swift */,
				3FFB8DB32ED628AC00BBAF5B /* OnboardingiOSAppUITestsLaunchTests.swift */,
			);
			path = OnboardingiOSAppUITests;
			sourceTree = "<group>";
		};
/* End PBXGroup section */

/* Begin PBXNativeTarget section */
		3FFB8D922ED628AB00BBAF5B /* OnboardingiOSApp */ = {
			isa = PBXNativeTarget;
			buildConfigurationList = 3FFB8DB72ED628AC00BBAF5B /* Build configuration list for PBXNativeTarget "OnboardingiOSApp" */;
			buildPhases = (
				3FFB8D8F2ED628AB00BBAF5B /* Sources */,
				3FFB8D902ED628AB00BBAF5B /* Frameworks */,
				3FFB8D912ED628AB00BBAF5B /* Resources */,
			);
			buildRules = (
			);
			dependencies = (
			);
			name = OnboardingiOSApp;
			productName = OnboardingiOSApp;
			productReference = 3FFB8D932ED628AB00BBAF5B /* OnboardingiOSApp.app */;
			productType = "com.apple.product-type.application";
		};
		3FFB8DA22ED628AC00BBAF5B /* OnboardingiOSAppTests */ = {
			isa = PBXNativeTarget;
			buildConfigurationList = 3FFB8DBA2ED628AC00BBAF5B /* Build configuration list for PBXNativeTarget "OnboardingiOSAppTests" */;
			buildPhases = (
				3FFB8D9F2ED628AC00BBAF5B /* Sources */,
				3FFB8DA02ED628AC00BBAF5B /* Frameworks */,
				3FFB8DA12ED628AC00BBAF5B /* Resources */,
			);
			buildRules = (
			);
			dependencies = (
				3FFB8DA52ED628AC00BBAF5B /* PBXTargetDependency */,
			);
			name = OnboardingiOSAppTests;
			productName = OnboardingiOSAppTests;
			productReference = 3FFB8DA32ED628AC00BBAF5B /* OnboardingiOSAppTests.xctest */;
			productType = "com.apple.product-type.bundle.unit-test";
		};
		3FFB8DAC2ED628AC00BBAF5B /* OnboardingiOSAppUITests */ = {
			isa = PBXNativeTarget;
			buildConfigurationList = 3FFB8DBD2ED628AC00BBAF5B /* Build configuration list for PBXNativeTarget "OnboardingiOSAppUITests" */;
			buildPhases = (
				3FFB8DA92ED628AC00BBAF5B /* Sources */,
				3FFB8DAA2ED628AC00BBAF5B /* Frameworks */,
				3FFB8DAB2ED628AC00BBAF5B /* Resources */,
			);
			buildRules = (
			);
			dependencies = (
				3FFB8DAF2ED628AC00BBAF5B /* PBXTargetDependency */,
			);
			name = OnboardingiOSAppUITests;
			productName = OnboardingiOSAppUITests;
			productReference = 3FFB8DAD2ED628AC00BBAF5B /* OnboardingiOSAppUITests.xctest */;
			productType = "com.apple.product-type.bundle.ui-testing";
		};
/* End PBXNativeTarget section */

/* Begin PBXProject section */
		3FFB8D8B2ED628AB00BBAF5B /* Project object */ = {
			isa = PBXProject;
			attributes = {
				BuildIndependentTargetsInParallel = 1;
				LastSwiftUpdateCheck = 1430;
				LastUpgradeCheck = 1430;
				TargetAttributes = {
					3FFB8D922ED628AB00BBAF5B = {
						CreatedOnToolsVersion = 14.3;
					};
					3FFB8DA22ED628AC00BBAF5B = {
						CreatedOnToolsVersion = 14.3;
						TestTargetID = 3FFB8D922ED628AB00BBAF5B;
					};
					3FFB8DAC2ED628AC00BBAF5B = {
						CreatedOnToolsVersion = 14.3;
						TestTargetID = 3FFB8D922ED628AB00BBAF5B;
					};
				};
			};
			buildConfigurationList = 3FFB8D8E2ED628AB00BBAF5B /* Build configuration list for PBXProject "OnboardingiOSApp" */;
			compatibilityVersion = "Xcode 14.0";
			developmentRegion = en;
			hasScannedForEncodings = 0;
			knownRegions = (
				en,
				Base,
			);
			mainGroup = 3FFB8D8A2ED628AB00BBAF5B;
			productRefGroup = 3FFB8D942ED628AB00BBAF5B /* Products */;
			projectDirPath = "";
			projectRoot = "";
			targets = (
				3FFB8D922ED628AB00BBAF5B /* OnboardingiOSApp */,
				3FFB8DA22ED628AC00BBAF5B /* OnboardingiOSAppTests */,
				3FFB8DAC2ED628AC00BBAF5B /* OnboardingiOSAppUITests */,
			);
		};
/* End PBXProject section */

/* Begin PBXResourcesBuildPhase section */
		3FFB8D912ED628AB00BBAF5B /* Resources */ = {
			isa = PBXResourcesBuildPhase;
			buildActionMask = 2147483647;
			files = (
				3FFB8D9E2ED628AC00BBAF5B /* Preview Assets.xcassets in Resources */,
				3FFB8D9B2ED628AC00BBAF5B /* Assets.xcassets in Resources */,
			);
			runOnlyForDeploymentPostprocessing = 0;
		};
		3FFB8DA12ED628AC00BBAF5B /* Resources */ = {
			isa = PBXResourcesBuildPhase;
			buildActionMask = 2147483647;
			files = (
			);
			runOnlyForDeploymentPostprocessing = 0;
		};
		3FFB8DAB2ED628AC00BBAF5B /* Resources */ = {
			isa = PBXResourcesBuildPhase;
			buildActionMask = 2147483647;
			files = (
			);
			runOnlyForDeploymentPostprocessing = 0;
		};
/* End PBXResourcesBuildPhase section */

/* Begin PBXSourcesBuildPhase section */
		3FFB8D8F2ED628AB00BBAF5B /* Sources */ = {
			isa = PBXSourcesBuildPhase;
			buildActionMask = 2147483647;
			files = (
				3F3566322ED62F78000B5B25 /* DocumentUploadProgressView.swift in Sources */,
				3F3566332ED62F78000B5B25 /* DocumentCaptureView.swift in Sources */,
				3F3566342ED62F78000B5B25 /* DocumentService.swift in Sources */,
				3F3566352ED62F78000B5B26 /* Document.swift in Sources */,
				3F3566362ED62F78000B5B27 /* DocumentProcessor.swift in Sources */,
				3FFB8D992ED628AB00BBAF5B /* ContentView.swift in Sources */,
				3FFB8D972ED628AB00BBAF5B /* OnboardingiOSAppApp.swift in Sources */,
				3F3566312ED62F78000B5B25 /* DocumentReviewView.swift in Sources */,
			);
			runOnlyForDeploymentPostprocessing = 0;
		};
		3FFB8D9F2ED628AC00BBAF5B /* Sources */ = {
			isa = PBXSourcesBuildPhase;
			buildActionMask = 2147483647;
			files = (
				3F3566392ED62F78000B5B30 /* DocumentTests.swift in Sources */,
				3F35663A2ED62F78000B5B31 /* DocumentServiceTests.swift in Sources */,
				3F35663B2ED62F78000B5B32 /* DocumentProcessorTests.swift in Sources */,
				3FFB8DA82ED628AC00BBAF5B /* OnboardingiOSAppTests.swift in Sources */,
			);
			runOnlyForDeploymentPostprocessing = 0;
		};
		3FFB8DA92ED628AC00BBAF5B /* Sources */ = {
			isa = PBXSourcesBuildPhase;
			buildActionMask = 2147483647;
			files = (
				3FFB8DB22ED628AC00BBAF5B /* OnboardingiOSAppUITests.swift in Sources */,
				3FFB8DB42ED628AC00BBAF5B /* OnboardingiOSAppUITestsLaunchTests.swift in Sources */,
			);
			runOnlyForDeploymentPostprocessing = 0;
		};
/* End PBXSourcesBuildPhase section */

/* Begin PBXTargetDependency section */
		3FFB8DA52ED628AC00BBAF5B /* PBXTargetDependency */ = {
			isa = PBXTargetDependency;
			target = 3FFB8D922ED628AB00BBAF5B /* OnboardingiOSApp */;
			targetProxy = 3FFB8DA42ED628AC00BBAF5B /* PBXContainerItemProxy */;
		};
		3FFB8DAF2ED628AC00BBAF5B /* PBXTargetDependency */ = {
			isa = PBXTargetDependency;
			target = 3FFB8D922ED628AB00BBAF5B /* OnboardingiOSApp */;
			targetProxy = 3FFB8DAE2ED628AC00BBAF5B /* PBXContainerItemProxy */;
		};
/* End PBXTargetDependency section */

/* Begin XCBuildConfiguration section */
		3FFB8DB52ED628AC00BBAF5B /* Debug */ = {
			isa = XCBuildConfiguration;
			buildSettings = {
				ALWAYS_SEARCH_USER_PATHS = NO;
				CLANG_ANALYZER_NONNULL = YES;
				CLANG_ANALYZER_NUMBER_OBJECT_CONVERSION = YES_AGGRESSIVE;
				CLANG_CXX_LANGUAGE_STANDARD = "gnu++20";
				CLANG_ENABLE_MODULES = YES;
				CLANG_ENABLE_OBJC_ARC = YES;
				CLANG_ENABLE_OBJC_WEAK = YES;
				CLANG_WARN_BLOCK_CAPTURE_AUTORELEASING = YES;
				CLANG_WARN_BOOL_CONVERSION = YES;
				CLANG_WARN_COMMA = YES;
				CLANG_WARN_CONSTANT_CONVERSION = YES;
				CLANG_WARN_DEPRECATED_OBJC_IMPLEMENTATIONS = YES;
				CLANG_WARN_DIRECT_OBJC_ISA_USAGE = YES_ERROR;
				CLANG_WARN_DOCUMENTATION_COMMENTS = YES;
				CLANG_WARN_EMPTY_BODY = YES;
				CLANG_WARN_ENUM_CONVERSION = YES;
				CLANG_WARN_INFINITE_RECURSION = YES;
				CLANG_WARN_INT_CONVERSION = YES;
				CLANG_WARN_NON_LITERAL_NULL_CONVERSION = YES;
				CLANG_WARN_OBJC_IMPLICIT_RETAIN_SELF = YES;
				CLANG_WARN_OBJC_LITERAL_CONVERSION = YES;
				CLANG_WARN_OBJC_ROOT_CLASS = YES_ERROR;
				CLANG_WARN_QUOTED_INCLUDE_IN_FRAMEWORK_HEADER = YES;
				CLANG_WARN_RANGE_LOOP_ANALYSIS = YES;
				CLANG_WARN_STRICT_PROTOTYPES = YES;
				CLANG_WARN_SUSPICIOUS_MOVE = YES;
				CLANG_WARN_UNGUARDED_AVAILABILITY = YES_AGGRESSIVE;
				CLANG_WARN_UNREACHABLE_CODE = YES;
				CLANG_WARN__DUPLICATE_METHOD_MATCH = YES;
				COPY_PHASE_STRIP = NO;
				DEBUG_INFORMATION_FORMAT = dwarf;
				ENABLE_STRICT_OBJC_MSGSEND = YES;
				ENABLE_TESTABILITY = YES;
				GCC_C_LANGUAGE_STANDARD = gnu11;
				GCC_DYNAMIC_NO_PIC = NO;
				GCC_NO_COMMON_BLOCKS = YES;
				GCC_OPTIMIZATION_LEVEL = 0;
				GCC_PREPROCESSOR_DEFINITIONS = (
					"DEBUG=1",
					"$(inherited)",
				);
				GCC_WARN_64_TO_32_BIT_CONVERSION = YES;
				GCC_WARN_ABOUT_RETURN_TYPE = YES_ERROR;
				GCC_WARN_UNDECLARED_SELECTOR = YES;
				GCC_WARN_UNINITIALIZED_AUTOS = YES_AGGRESSIVE;
				GCC_WARN_UNUSED_FUNCTION = YES;
				GCC_WARN_UNUSED_VARIABLE = YES;
				IPHONEOS_DEPLOYMENT_TARGET = 16.4;
				MTL_ENABLE_DEBUG_INFO = INCLUDE_SOURCE;
				MTL_FAST_MATH = YES;
				ONLY_ACTIVE_ARCH = YES;
				SDKROOT = iphoneos;
				SWIFT_ACTIVE_COMPILATION_CONDITIONS = DEBUG;
				SWIFT_OPTIMIZATION_LEVEL = "-Onone";
			};
			name = Debug;
		};
		3FFB8DB62ED628AC00BBAF5B /* Release */ = {
			isa = XCBuildConfiguration;
			buildSettings = {
				ALWAYS_SEARCH_USER_PATHS = NO;
				CLANG_ANALYZER_NONNULL = YES;
				CLANG_ANALYZER_NUMBER_OBJECT_CONVERSION = YES_AGGRESSIVE;
				CLANG_CXX_LANGUAGE_STANDARD = "gnu++20";
				CLANG_ENABLE_MODULES = YES;
				CLANG_ENABLE_OBJC_ARC = YES;
				CLANG_ENABLE_OBJC_WEAK = YES;
				CLANG_WARN_BLOCK_CAPTURE_AUTORELEASING = YES;
				CLANG_WARN_BOOL_CONVERSION = YES;
				CLANG_WARN_COMMA = YES;
				CLANG_WARN_CONSTANT_CONVERSION = YES;
				CLANG_WARN_DEPRECATED_OBJC_IMPLEMENTATIONS = YES;
				CLANG_WARN_DIRECT_OBJC_ISA_USAGE = YES_ERROR;
				CLANG_WARN_DOCUMENTATION_COMMENTS = YES;
				CLANG_WARN_EMPTY_BODY = YES;
				CLANG_WARN_ENUM_CONVERSION = YES;
				CLANG_WARN_INFINITE_RECURSION = YES;
				CLANG_WARN_INT_CONVERSION = YES;
				CLANG_WARN_NON_LITERAL_NULL_CONVERSION = YES;
				CLANG_WARN_OBJC_IMPLICIT_RETAIN_SELF = YES;
				CLANG_WARN_OBJC_LITERAL_CONVERSION = YES;
				CLANG_WARN_OBJC_ROOT_CLASS = YES_ERROR;
				CLANG_WARN_QUOTED_INCLUDE_IN_FRAMEWORK_HEADER = YES;
				CLANG_WARN_RANGE_LOOP_ANALYSIS = YES;
				CLANG_WARN_STRICT_PROTOTYPES = YES;
				CLANG_WARN_SUSPICIOUS_MOVE = YES;
				CLANG_WARN_UNGUARDED_AVAILABILITY = YES_AGGRESSIVE;
				CLANG_WARN_UNREACHABLE_CODE = YES;
				CLANG_WARN__DUPLICATE_METHOD_MATCH = YES;
				COPY_PHASE_STRIP = NO;
				DEBUG_INFORMATION_FORMAT = "dwarf-with-dsym";
				ENABLE_NS_ASSERTIONS = NO;
				ENABLE_STRICT_OBJC_MSGSEND = YES;
				GCC_C_LANGUAGE_STANDARD = gnu11;
				GCC_NO_COMMON_BLOCKS = YES;
				GCC_WARN_64_TO_32_BIT_CONVERSION = YES;
				GCC_WARN_ABOUT_RETURN_TYPE = YES_ERROR;
				GCC_WARN_UNDECLARED_SELECTOR = YES;
				GCC_WARN_UNINITIALIZED_AUTOS = YES_AGGRESSIVE;
				GCC_WARN_UNUSED_FUNCTION = YES;
				GCC_WARN_UNUSED_VARIABLE = YES;
				IPHONEOS_DEPLOYMENT_TARGET = 16.4;
				MTL_ENABLE_DEBUG_INFO = NO;
				MTL_FAST_MATH = YES;
				SDKROOT = iphoneos;
				SWIFT_COMPILATION_MODE = wholemodule;
				SWIFT_OPTIMIZATION_LEVEL = "-O";
				VALIDATE_PRODUCT = YES;
			};
			name = Release;
		};
		3FFB8DB82ED628AC00BBAF5B /* Debug */ = {
			isa = XCBuildConfiguration;
			buildSettings = {
				ASSETCATALOG_COMPILER_APPICON_NAME = AppIcon;
				ASSETCATALOG_COMPILER_GLOBAL_ACCENT_COLOR_NAME = AccentColor;
				CODE_SIGN_STYLE = Automatic;
				CURRENT_PROJECT_VERSION = 1;
				DEVELOPMENT_ASSET_PATHS = "\"OnboardingiOSApp/Preview Content\"";
				ENABLE_PREVIEWS = YES;
				GENERATE_INFOPLIST_FILE = YES;
				INFOPLIST_KEY_UIApplicationSceneManifest_Generation = YES;
				INFOPLIST_KEY_UIApplicationSupportsIndirectInputEvents = YES;
				INFOPLIST_KEY_UILaunchScreen_Generation = YES;
				INFOPLIST_KEY_UISupportedInterfaceOrientations_iPad = "UIInterfaceOrientationPortrait UIInterfaceOrientationPortraitUpsideDown UIInterfaceOrientationLandscapeLeft UIInterfaceOrientationLandscapeRight";
				INFOPLIST_KEY_UISupportedInterfaceOrientations_iPhone = "UIInterfaceOrientationPortrait UIInterfaceOrientationLandscapeLeft UIInterfaceOrientationLandscapeRight";
				LD_RUNPATH_SEARCH_PATHS = (
					"$(inherited)",
					"@executable_path/Frameworks",
				);
				MARKETING_VERSION = 1.0;
				PRODUCT_BUNDLE_IDENTIFIER = iOS.Deedeepya.com.OnboardingiOSApp;
				PRODUCT_NAME = "$(TARGET_NAME)";
				SWIFT_EMIT_LOC_STRINGS = YES;
				SWIFT_VERSION = 5.0;
				TARGETED_DEVICE_FAMILY = "1,2";
			};
			name = Debug;
		};
		3FFB8DB92ED628AC00BBAF5B /* Release */ = {
			isa = XCBuildConfiguration;
			buildSettings = {
				ASSETCATALOG_COMPILER_APPICON_NAME = AppIcon;
				ASSETCATALOG_COMPILER_GLOBAL_ACCENT_COLOR_NAME = AccentColor;
				CODE_SIGN_STYLE = Automatic;
				CURRENT_PROJECT_VERSION = 1;
				DEVELOPMENT_ASSET_PATHS = "\"OnboardingiOSApp/Preview Content\"";
				ENABLE_PREVIEWS = YES;
				GENERATE_INFOPLIST_FILE = YES;
				INFOPLIST_KEY_UIApplicationSceneManifest_Generation = YES;
				INFOPLIST_KEY_UIApplicationSupportsIndirectInputEvents = YES;
				INFOPLIST_KEY_UILaunchScreen_Generation = YES;
				INFOPLIST_KEY_UISupportedInterfaceOrientations_iPad = "UIInterfaceOrientationPortrait UIInterfaceOrientationPortraitUpsideDown UIInterfaceOrientationLandscapeLeft UIInterfaceOrientationLandscapeRight";
				INFOPLIST_KEY_UISupportedInterfaceOrientations_iPhone = "UIInterfaceOrientationPortrait UIInterfaceOrientationLandscapeLeft UIInterfaceOrientationLandscapeRight";
				LD_RUNPATH_SEARCH_PATHS = (
					"$(inherited)",
					"@executable_path/Frameworks",
				);
				MARKETING_VERSION = 1.0;
				PRODUCT_BUNDLE_IDENTIFIER = iOS.Deedeepya.com.OnboardingiOSApp;
				PRODUCT_NAME = "$(TARGET_NAME)";
				SWIFT_EMIT_LOC_STRINGS = YES;
				SWIFT_VERSION = 5.0;
				TARGETED_DEVICE_FAMILY = "1,2";
			};
			name = Release;
		};
		3FFB8DBB2ED628AC00BBAF5B /* Debug */ = {
			isa = XCBuildConfiguration;
			buildSettings = {
				ALWAYS_EMBED_SWIFT_STANDARD_LIBRARIES = YES;
				BUNDLE_LOADER = "$(TEST_HOST)";
				CODE_SIGN_STYLE = Automatic;
				CURRENT_PROJECT_VERSION = 1;
				GENERATE_INFOPLIST_FILE = YES;
				IPHONEOS_DEPLOYMENT_TARGET = 16.4;
				MARKETING_VERSION = 1.0;
				PRODUCT_BUNDLE_IDENTIFIER = iOS.Deedeepya.com.OnboardingiOSAppTests;
				PRODUCT_NAME = "$(TARGET_NAME)";
				SWIFT_EMIT_LOC_STRINGS = NO;
				SWIFT_VERSION = 5.0;
				TARGETED_DEVICE_FAMILY = "1,2";
				TEST_HOST = "$(BUILT_PRODUCTS_DIR)/OnboardingiOSApp.app/$(BUNDLE_EXECUTABLE_FOLDER_PATH)/OnboardingiOSApp";
			};
			name = Debug;
		};
		3FFB8DBC2ED628AC00BBAF5B /* Release */ = {
			isa = XCBuildConfiguration;
			buildSettings = {
				ALWAYS_EMBED_SWIFT_STANDARD_LIBRARIES = YES;
				BUNDLE_LOADER = "$(TEST_HOST)";
				CODE_SIGN_STYLE = Automatic;
				CURRENT_PROJECT_VERSION = 1;
				GENERATE_INFOPLIST_FILE = YES;
				IPHONEOS_DEPLOYMENT_TARGET = 16.4;
				MARKETING_VERSION = 1.0;
				PRODUCT_BUNDLE_IDENTIFIER = iOS.Deedeepya.com.OnboardingiOSAppTests;
				PRODUCT_NAME = "$(TARGET_NAME)";
				SWIFT_EMIT_LOC_STRINGS = NO;
				SWIFT_VERSION = 5.0;
				TARGETED_DEVICE_FAMILY = "1,2";
				TEST_HOST = "$(BUILT_PRODUCTS_DIR)/OnboardingiOSApp.app/$(BUNDLE_EXECUTABLE_FOLDER_PATH)/OnboardingiOSApp";
			};
			name = Release;
		};
		3FFB8DBE2ED628AC00BBAF5B /* Debug */ = {
			isa = XCBuildConfiguration;
			buildSettings = {
				ALWAYS_EMBED_SWIFT_STANDARD_LIBRARIES = YES;
				CODE_SIGN_STYLE = Automatic;
				CURRENT_PROJECT_VERSION = 1;
				GENERATE_INFOPLIST_FILE = YES;
				MARKETING_VERSION = 1.0;
				PRODUCT_BUNDLE_IDENTIFIER = iOS.Deedeepya.com.OnboardingiOSAppUITests;
				PRODUCT_NAME = "$(TARGET_NAME)";
				SWIFT_EMIT_LOC_STRINGS = NO;
				SWIFT_VERSION = 5.0;
				TARGETED_DEVICE_FAMILY = "1,2";
				TEST_TARGET_NAME = OnboardingiOSApp;
			};
			name = Debug;
		};
		3FFB8DBF2ED628AC00BBAF5B /* Release */ = {
			isa = XCBuildConfiguration;
			buildSettings = {
				ALWAYS_EMBED_SWIFT_STANDARD_LIBRARIES = YES;
				CODE_SIGN_STYLE = Automatic;
				CURRENT_PROJECT_VERSION = 1;
				GENERATE_INFOPLIST_FILE = YES;
				MARKETING_VERSION = 1.0;
				PRODUCT_BUNDLE_IDENTIFIER = iOS.Deedeepya.com.OnboardingiOSAppUITests;
				PRODUCT_NAME = "$(TARGET_NAME)";
				SWIFT_EMIT_LOC_STRINGS = NO;
				SWIFT_VERSION = 5.0;
				TARGETED_DEVICE_FAMILY = "1,2";
				TEST_TARGET_NAME = OnboardingiOSApp;
			};
			name = Release;
		};
/* End XCBuildConfiguration section */

/* Begin XCConfigurationList section */
		3FFB8D8E2ED628AB00BBAF5B /* Build configuration list for PBXProject "OnboardingiOSApp" */ = {
			isa = XCConfigurationList;
			buildConfigurations = (
				3FFB8DB52ED628AC00BBAF5B /* Debug */,
				3FFB8DB62ED628AC00BBAF5B /* Release */,
			);
			defaultConfigurationIsVisible = 0;
			defaultConfigurationName = Release;
		};
		3FFB8DB72ED628AC00BBAF5B /* Build configuration list for PBXNativeTarget "OnboardingiOSApp" */ = {
			isa = XCConfigurationList;
			buildConfigurations = (
				3FFB8DB82ED628AC00BBAF5B /* Debug */,
				3FFB8DB92ED628AC00BBAF5B /* Release */,
			);
			defaultConfigurationIsVisible = 0;
			defaultConfigurationName = Release;
		};
		3FFB8DBA2ED628AC00BBAF5B /* Build configuration list for PBXNativeTarget "OnboardingiOSAppTests" */ = {
			isa = XCConfigurationList;
			buildConfigurations = (
				3FFB8DBB2ED628AC00BBAF5B /* Debug */,
				3FFB8DBC2ED628AC00BBAF5B /* Release */,
			);
			defaultConfigurationIsVisible = 0;
			defaultConfigurationName = Release;
		};
		3FFB8DBD2ED628AC00BBAF5B /* Build configuration list for PBXNativeTarget "OnboardingiOSAppUITests" */ = {
			isa = XCConfigurationList;
			buildConfigurations = (
				3FFB8DBE2ED628AC00BBAF5B /* Debug */,
				3FFB8DBF2ED628AC00BBAF5B /* Release */,
			);
			defaultConfigurationIsVisible = 0;
			defaultConfigurationName = Release;
		};
/* End XCConfigurationList section */
	};
	rootObject = 3FFB8D8B2ED628AB00BBAF5B /* Project object */;
}
